github.com/beorn7/perks v1.0.1 h1:VlbKKohln15oWbcFLIoEkqBl7oZmZ6YkaWreFqQ8M0=
github.com/beorn7/perks v1.0.1/go.mod h1:G2cvlfdAe/KfgkxD+7sIrq7NLSLcPA56cutq+oBXGw=
github.com/cespare/xxhash/v2 v2.3.0 h1:UL815xU9SqsAFOcuBVCoOjwfSKUtSDgk5RPKxhYMWc=
github.com/cespare/xxhash/v2 v2.3.0/go.mod h1:WW0X3CrJVpJNgU3xcN3HXSRMqF/hbklqL9TZtzDfE8=
github.com/davecgh/go-spew v1.1.1 h1:vj9j/u1bqnvCEfJOwUhtlOARqs3+rkow75m9qcuaxY=
github.com/davecgh/go-spew v1.1.1/go.mod h1:J7Y8YcW2NihsgmVo/mv3lAwl/skON4iLHjSsI+c5H8=
github.com/google/go-cmp v0.7.0 h1:XoVn0IAwWLczvOaYvunvUcmhfylS76hqFuyvvjuDA8=
github.com/google/go-cmp v0.7.0/go.mod h1:Czt+wKu+jkqNfs2+jym8MTFZC3fwp8c8sNKV/OM+o=
github.com/google/uuid v1.6.0 h1:NIvaJDMOsjHA8n1jAhLSgzrAzy1Hgr+hNrb57e+94F0=
github.com/google/uuid v1.6.0/go.mod h1:TIyPZe4MgqvfeYDBFedMoGGpEw/LqOeaOT+nhxU+yHo=
github.com/kylelemons/godebug v1.1.0 h1:RPNrshWIDI6G2gRG9rrF5HS3YigNmbSIS0K5rQnIz8=
github.com/kylelemons/godebug v1.1.0/go.mod h1:9/0rRGxNHcWMcn5mbWMnHapLFJ56FM3zAJuIJ7p8I=
github.com/kr/pretty v0.3.1 h1:flRD4NNwYAUpkphVc1HcwELGYKWQqQ8hzrFxepjH0s=
github.com/kr/pretty v0.3.1/go.mod h1:hoEshYzIyXjAs2zzxabyQmLV6IDJfoZJe+DqsPguHA=
github.com/kr/text v0.2.0 h1:5Nx0Ya0ZqY2ygV366QzturxYLAjE5QueKuchberRD0=
github.com/kr/text v0.2.0/go.mod h1:eLer722TekiGuMkidMxC/pM04lWEn9z60cDjkwPdI0=
github.com/klauspost/compress v1.18.0 h1:qnngQrT0fWlFEIlEdmwKlIU5gNuQNfNt8TxZrQGaFg=
github.com/klauspost/compress v1.18.0/go.mod h1:yiFqAGzzS8PUvkbLJ5KvC9jZZZNvG3AkTaVgMdwX8k=
github.com/munnerz/goautoneg v0.0.0-20191010083416-a7dc8b61c822 h1:C3w9PqII01/Oaq1SZReZCmLIY5PWe0u15HQZZAoGoA=
github.com/munnerz/goautoneg v0.0.0-20191010083416-a7dc8b61c822/go.mod h1:+n7T8mK8HuQTcFwEeznm/DIxNOidhfecLmMUVc2Dys=
github.com/pmezard/go-difflib v1.0.0 h1:4DBwDE0NGyQoBHrk94Juu6ubtzU1EBjEQrL6KeqCPM=
github.com/pmezard/go-difflib v1.0.0/go.mod h1:iKH77koFhYxTK1pcRnkGLp1VFSVk9/EXQMSgxOYV/8=
github.com/prometheus/client_golang v1.23.2 h1:Je96obch5RDVy3FDMndoUsjAhG5Edi49h0RJWRi/o0o=
github.com/prometheus/client_golang v1.23.2/go.mod h1:Tb1a6LWHB3/SPIzCoaDXI4I8UHKeFTEQ1YCr+0Gyqmg=
github.com/prometheus/client_model v0.6.2 h1:oBsgwpGs7iVziMvrGhE53c/GrLUsZdHnqNwqPLxwZyk=
github.com/prometheus/client_model v0.6.2/go.mod h1:y3m2F6Gdpfy6Ut/GBsUqTWZqCUvMVzSfMLjcu6wAwpE=
github.com/prometheus/common v0.66.1 h1:h5E0h5/Y8niHc5DlaLlWLArTQI7tMrsfQjHV+d9ZoGs=
github.com/prometheus/common v0.66.1/go.mod h1:pWJXfxkE0f7eVj3RmC8hM46t6C9UPpFm3RnTDSy5u0=
github.com/prometheus/procfs v0.16.1 h1:gFGkwxKRLmLgRD6D0KZb3EZZZ2BzPt+p4vXKJJjdA=
github.com/prometheus/procfs v0.16.1/go.mod h1:7p+sWk1E4aYQ5ZMVcqfLGUYKQwWMI8IIWE5F2rHBQ=
github.com/rogpeppe/go-internal v1.10.0 h1:TMyIlpdM6I/7MD+KwE7O3rsf5ZCcPbMSpEupept5+0=
github.com/rogpeppe/go-internal v1.10.0/go.mod h1:UQnix2H7Ngw/k4C5ijL5+65zddjncjaFoBbqTbTsOE=
github.com/stretchr/testify v1.11.1 h1:xM64HVsXlUH+yMLdYFXlWNVxZKLpqJk7K6exv5oMFg=
github.com/stretchr/testify v1.11.1/go.mod h1:sULlctwJlqjafLaYFZeJ6lJzMXEZNw5rSl+DM0SFo=
github.com/uber/go-goleak v1.3.0 h1:2K3zAYmnTNqV73iw8+oh58V8hqVbuIb+dA2Up5Pgc0=
github.com/uber/go-goleak v1.3.0/go.mod h1:gIjkuq3akFPcItXF9bOC3r5jkHBCHvBAk9hZjhfhCI=
go.uber.org/goleak v1.3.0 h1:2K3zAYmnTNqV73iw8+oh58V8hqVbuIb+dA2Up5Pgc0=
go.uber.org/goleak v1.3.0/go.mod h1:gIjkuq3akFPcItXF9bOC3r5jkHBCHvBAk9hZjhfhCI=
golang.org/x/sys v0.35.0 h1:0s/2tnfRU26hOMNWBkdRqN8wMbL2x/E4k6A56MWNcA=
golang.org/x/sys v0.35.0/go.mod h1:Tp0tSmsi0On1vIUKB+lKEN1F0IGUEzhmeaR4xuNnUP=
google.golang.org/protobuf v1.36.8 h1:eMTbJIiB2KIjlhPvYN0eIOYs6W0FgJILcqLfaFfPv8=
google.golang.org/protobuf v1.36.8/go.mod h1:w1Bg6vfZEKPKmtPWwb9CrKjPU1ZuFyXVRUGS0b5xw=
gopkg.in/check.v1 v1.0.0-20201130134442-10cb98267c6c h1:Hei/4ADfdWqnt7S4Z6ZklkqsSloNFzroiuss2SKLLvA=
gopkg.in/check.v1 v1.0.0-20201130134442-10cb98267c6c/go.mod h1:jHkCQJspS1VknhjgLn+wFflAUbahwknwAgency49Qxw=
gopkg.in/yaml.v3 v3.0.1 h1:fxVm/GzAzEWqLHEvluCN2aTcQ1shBccJKGkSDMGkV8=
gopkg.in/yaml.v3 v3.0.1/go.mod h1:K4uyk7z7BCEPqu6E+C64Yfv1cQ41z+LVG3peKZpII0=
gopkg.in/yaml.v2 v2.4.2 h1:OWW7pDMnGJ3M8JMJ9kAnmJeQM/j78Ey0WznWwVdCz8=
gopkg.in/yaml.v2 v2.4.2/go.mod h1:C/G5p6fMWrI5LjF8eNfF6TS9gm7cEeJ5PjEyN/m2g4=
